
Microsoft Visual Studio Solution File, Format Version 12.00
# Visual Studio Version 17
VisualStudioVersion = 17.7.34024.191
MinimumVisualStudioVersion = 10.0.40219.1
Project("{FAE04EC0-301F-11D3-BF4B-00C04F79EFBC}") = "WinFormsApp1", "WinFormsApp1.csproj", "{8E82F84E-9A72-4EDF-9029-3386858070E2}"
EndProject
Global
	GlobalSection(SolutionConfigurationPlatforms) = preSolution
		Debug|Any CPU = Debug|Any CPU
		Release|Any CPU = Release|Any CPU
	EndGlobalSection
	GlobalSection(ProjectConfigurationPlatforms) = postSolution
		{8E82F84E-9A72-4EDF-9029-3386858070E2}.Debug|Any CPU.ActiveCfg = Debug|Any CPU
		{8E82F84E-9A72-4EDF-9029-3386858070E2}.Debug|Any CPU.Build.0 = Debug|Any CPU
		{8E82F84E-9A72-4EDF-9029-3386858070E2}.Release|Any CPU.ActiveCfg = Release|Any CPU
		{8E82F84E-9A72-4EDF-9029-3386858070E2}.Release|Any CPU.Build.0 = Release|Any CPU
	EndGlobalSection
	GlobalSection(SolutionProperties) = preSolution
		HideSolutionNode = FALSE
	EndGlobalSection
	GlobalSection(ExtensibilityGlobals) = postSolution
		SolutionGuid = {0C6D2A15-DC91-4E31-B2B9-CACB24C774CD}
	EndGlobalSection
EndGlobal
