
Microsoft Visual Studio Solution File, Format Version 12.00
# Visual Studio Version 16
VisualStudioVersion = 16.0.32802.440
MinimumVisualStudioVersion = 10.0.40219.1
Project("{9A19103F-16F7-4668-BE54-9A1E7A4F7556}") = "FirstProject", "FirstProject\FirstProject.csproj", "{837B25A2-732E-4334-9F64-3FE0C71EA104}"
EndProject
Project("{FAE04EC0-301F-11D3-BF4B-00C04F79EFBC}") = "passing_parameters_to_methods", "passing_parameters_to_methods\passing_parameters_to_methods.csproj", "{5BA69580-CDAB-49F9-BD35-38C4372D5F27}"
EndProject
Global
	GlobalSection(SolutionConfigurationPlatforms) = preSolution
		Debug|Any CPU = Debug|Any CPU
		Release|Any CPU = Release|Any CPU
	EndGlobalSection
	GlobalSection(ProjectConfigurationPlatforms) = postSolution
		{837B25A2-732E-4334-9F64-3FE0C71EA104}.Debug|Any CPU.ActiveCfg = Debug|Any CPU
		{837B25A2-732E-4334-9F64-3FE0C71EA104}.Debug|Any CPU.Build.0 = Debug|Any CPU
		{837B25A2-732E-4334-9F64-3FE0C71EA104}.Release|Any CPU.ActiveCfg = Release|Any CPU
		{837B25A2-732E-4334-9F64-3FE0C71EA104}.Release|Any CPU.Build.0 = Release|Any CPU
		{5BA69580-CDAB-49F9-BD35-38C4372D5F27}.Debug|Any CPU.ActiveCfg = Debug|Any CPU
		{5BA69580-CDAB-49F9-BD35-38C4372D5F27}.Debug|Any CPU.Build.0 = Debug|Any CPU
		{5BA69580-CDAB-49F9-BD35-38C4372D5F27}.Release|Any CPU.ActiveCfg = Release|Any CPU
		{5BA69580-CDAB-49F9-BD35-38C4372D5F27}.Release|Any CPU.Build.0 = Release|Any CPU
	EndGlobalSection
	GlobalSection(SolutionProperties) = preSolution
		HideSolutionNode = FALSE
	EndGlobalSection
	GlobalSection(ExtensibilityGlobals) = postSolution
		SolutionGuid = {F45721CF-1E4E-403D-A72F-4D11A25E24AD}
	EndGlobalSection
EndGlobal
