
Microsoft Visual Studio Solution File, Format Version 12.00
# Visual Studio Version 16
VisualStudioVersion = 16.0.32802.440
MinimumVisualStudioVersion = 10.0.40219.1
Project("{9A19103F-16F7-4668-BE54-9A1E7A4F7556}") = "FirstProject", "FirstProject\FirstProject.csproj", "{837B25A2-732E-4334-9F64-3FE0C71EA104}"
EndProject
Project("{9A19103F-16F7-4668-BE54-9A1E7A4F7556}") = "passing_parameters_to_methods", "passing_parameters_to_methods\passing_parameters_to_methods.csproj", "{5BA69580-CDAB-49F9-BD35-38C4372D5F27}"
EndProject
Project("{2150E333-8FDC-42A3-9474-1A3956D46DE8}") = "1.CONSOLA", "1.CONSOLA", "{2BAEC972-069C-4D9C-8E0F-C7958B786863}"
EndProject
Project("{2150E333-8FDC-42A3-9474-1A3956D46DE8}") = "0.1podstawy", "0.1podstawy", "{638B7289-2637-4ADA-ADF7-E224DFA9893E}"
EndProject
Project("{2150E333-8FDC-42A3-9474-1A3956D46DE8}") = "0.2parametry dmetody", "0.2parametry dmetody", "{55D8ADEC-97C7-4CFE-93A4-ABBC6A2C65A5}"
EndProject
Project("{2150E333-8FDC-42A3-9474-1A3956D46DE8}") = "0.3 dziedziczenie i polimorfizm", "0.3 dziedziczenie i polimorfizm", "{CD58A5CB-9498-4580-83D6-687A7EEFA405}"
EndProject
Project("{FAE04EC0-301F-11D3-BF4B-00C04F79EFBC}") = "PolymorphismApp", "PolymorphismApp\PolymorphismApp.csproj", "{0567C32C-A99B-4868-A250-499AC160606E}"
EndProject
Global
	GlobalSection(SolutionConfigurationPlatforms) = preSolution
		Debug|Any CPU = Debug|Any CPU
		Release|Any CPU = Release|Any CPU
	EndGlobalSection
	GlobalSection(ProjectConfigurationPlatforms) = postSolution
		{837B25A2-732E-4334-9F64-3FE0C71EA104}.Debug|Any CPU.ActiveCfg = Debug|Any CPU
		{837B25A2-732E-4334-9F64-3FE0C71EA104}.Debug|Any CPU.Build.0 = Debug|Any CPU
		{837B25A2-732E-4334-9F64-3FE0C71EA104}.Release|Any CPU.ActiveCfg = Release|Any CPU
		{837B25A2-732E-4334-9F64-3FE0C71EA104}.Release|Any CPU.Build.0 = Release|Any CPU
		{5BA69580-CDAB-49F9-BD35-38C4372D5F27}.Debug|Any CPU.ActiveCfg = Debug|Any CPU
		{5BA69580-CDAB-49F9-BD35-38C4372D5F27}.Debug|Any CPU.Build.0 = Debug|Any CPU
		{5BA69580-CDAB-49F9-BD35-38C4372D5F27}.Release|Any CPU.ActiveCfg = Release|Any CPU
		{5BA69580-CDAB-49F9-BD35-38C4372D5F27}.Release|Any CPU.Build.0 = Release|Any CPU
		{0567C32C-A99B-4868-A250-499AC160606E}.Debug|Any CPU.ActiveCfg = Debug|Any CPU
		{0567C32C-A99B-4868-A250-499AC160606E}.Debug|Any CPU.Build.0 = Debug|Any CPU
		{0567C32C-A99B-4868-A250-499AC160606E}.Release|Any CPU.ActiveCfg = Release|Any CPU
		{0567C32C-A99B-4868-A250-499AC160606E}.Release|Any CPU.Build.0 = Release|Any CPU
	EndGlobalSection
	GlobalSection(SolutionProperties) = preSolution
		HideSolutionNode = FALSE
	EndGlobalSection
	GlobalSection(NestedProjects) = preSolution
		{837B25A2-732E-4334-9F64-3FE0C71EA104} = {638B7289-2637-4ADA-ADF7-E224DFA9893E}
		{5BA69580-CDAB-49F9-BD35-38C4372D5F27} = {55D8ADEC-97C7-4CFE-93A4-ABBC6A2C65A5}
		{638B7289-2637-4ADA-ADF7-E224DFA9893E} = {2BAEC972-069C-4D9C-8E0F-C7958B786863}
		{55D8ADEC-97C7-4CFE-93A4-ABBC6A2C65A5} = {2BAEC972-069C-4D9C-8E0F-C7958B786863}
		{CD58A5CB-9498-4580-83D6-687A7EEFA405} = {2BAEC972-069C-4D9C-8E0F-C7958B786863}
		{0567C32C-A99B-4868-A250-499AC160606E} = {CD58A5CB-9498-4580-83D6-687A7EEFA405}
	EndGlobalSection
	GlobalSection(ExtensibilityGlobals) = postSolution
		SolutionGuid = {F45721CF-1E4E-403D-A72F-4D11A25E24AD}
	EndGlobalSection
EndGlobal
