
Microsoft Visual Studio Solution File, Format Version 12.00
# Visual Studio Version 17
VisualStudioVersion = 17.7.34024.191
MinimumVisualStudioVersion = 10.0.40219.1
Project("{2150E333-8FDC-42A3-9474-1A3956D46DE8}") = "1.CONSOLA", "1.CONSOLA", "{2BAEC972-069C-4D9C-8E0F-C7958B786863}"
EndProject
Project("{2150E333-8FDC-42A3-9474-1A3956D46DE8}") = "0.3 dziedziczenie i polimorfizm", "0.3 dziedziczenie i polimorfizm", "{CD58A5CB-9498-4580-83D6-687A7EEFA405}"
EndProject
Project("{9A19103F-16F7-4668-BE54-9A1E7A4F7556}") = "PolymorphismApp", "PolymorphismApp\PolymorphismApp.csproj", "{0567C32C-A99B-4868-A250-499AC160606E}"
EndProject
Project("{2150E333-8FDC-42A3-9474-1A3956D46DE8}") = "NewFolder1", "NewFolder1", "{C16E0903-94E1-4B1B-A436-185AA7FDD8B6}"
EndProject
Project("{2150E333-8FDC-42A3-9474-1A3956D46DE8}") = "0.4 gra", "0.4 gra", "{0DEE4FCA-9C90-4807-945B-64C34FE7AC6E}"
EndProject
Project("{FAE04EC0-301F-11D3-BF4B-00C04F79EFBC}") = "MoveOnBoardGame", "MoveOnBoardGame\MoveOnBoardGame.csproj", "{55718779-76EB-4407-8EB3-D76AE450941F}"
EndProject
Project("{2150E333-8FDC-42A3-9474-1A3956D46DE8}") = "0.5 kolekcje", "0.5 kolekcje", "{60AA0D09-3A51-46DC-A501-950900D94417}"
EndProject
Project("{9A19103F-16F7-4668-BE54-9A1E7A4F7556}") = "TestCollection", "TestCollection\TestCollection.csproj", "{E97E4AAA-ADE4-427A-B0CA-9E92E12D921C}"
EndProject
Project("{2150E333-8FDC-42A3-9474-1A3956D46DE8}") = "0.6 bazy danych", "0.6 bazy danych", "{76232C0A-612A-4F73-BAC2-8EA8F63ADC23}"
EndProject
Project("{9A19103F-16F7-4668-BE54-9A1E7A4F7556}") = "SchoolApp", "SchoolApp\SchoolApp.csproj", "{81750B71-BB85-4D70-9D1D-AF30BACEF54A}"
EndProject
Project("{2150E333-8FDC-42A3-9474-1A3956D46DE8}") = "NewFolder1", "NewFolder1", "{373F0069-EAD5-4E7F-9CA8-9F8D2C83505C}"
EndProject
Project("{2150E333-8FDC-42A3-9474-1A3956D46DE8}") = "2.desktop", "2.desktop", "{22267161-941E-4F3B-8A1C-57B4439E7D8D}"
EndProject
Project("{FAE04EC0-301F-11D3-BF4B-00C04F79EFBC}") = "FirstApplicationWithWinForms", "FirstApplicationWithWinForms\FirstApplicationWithWinForms.csproj", "{07CB39EA-118E-4FC6-85B3-A9BDF30875A4}"
EndProject
Global
	GlobalSection(SolutionConfigurationPlatforms) = preSolution
		Debug|Any CPU = Debug|Any CPU
		Debug|x64 = Debug|x64
		Debug|x86 = Debug|x86
		Release|Any CPU = Release|Any CPU
		Release|x64 = Release|x64
		Release|x86 = Release|x86
	EndGlobalSection
	GlobalSection(ProjectConfigurationPlatforms) = postSolution
		{0567C32C-A99B-4868-A250-499AC160606E}.Debug|Any CPU.ActiveCfg = Debug|Any CPU
		{0567C32C-A99B-4868-A250-499AC160606E}.Debug|Any CPU.Build.0 = Debug|Any CPU
		{0567C32C-A99B-4868-A250-499AC160606E}.Debug|x64.ActiveCfg = Debug|Any CPU
		{0567C32C-A99B-4868-A250-499AC160606E}.Debug|x64.Build.0 = Debug|Any CPU
		{0567C32C-A99B-4868-A250-499AC160606E}.Debug|x86.ActiveCfg = Debug|Any CPU
		{0567C32C-A99B-4868-A250-499AC160606E}.Debug|x86.Build.0 = Debug|Any CPU
		{0567C32C-A99B-4868-A250-499AC160606E}.Release|Any CPU.ActiveCfg = Release|Any CPU
		{0567C32C-A99B-4868-A250-499AC160606E}.Release|Any CPU.Build.0 = Release|Any CPU
		{0567C32C-A99B-4868-A250-499AC160606E}.Release|x64.ActiveCfg = Release|Any CPU
		{0567C32C-A99B-4868-A250-499AC160606E}.Release|x64.Build.0 = Release|Any CPU
		{0567C32C-A99B-4868-A250-499AC160606E}.Release|x86.ActiveCfg = Release|Any CPU
		{0567C32C-A99B-4868-A250-499AC160606E}.Release|x86.Build.0 = Release|Any CPU
		{55718779-76EB-4407-8EB3-D76AE450941F}.Debug|Any CPU.ActiveCfg = Debug|Any CPU
		{55718779-76EB-4407-8EB3-D76AE450941F}.Debug|x64.ActiveCfg = Debug|Any CPU
		{55718779-76EB-4407-8EB3-D76AE450941F}.Debug|x64.Build.0 = Debug|Any CPU
		{55718779-76EB-4407-8EB3-D76AE450941F}.Debug|x86.ActiveCfg = Debug|Any CPU
		{55718779-76EB-4407-8EB3-D76AE450941F}.Debug|x86.Build.0 = Debug|Any CPU
		{55718779-76EB-4407-8EB3-D76AE450941F}.Release|Any CPU.ActiveCfg = Release|Any CPU
		{55718779-76EB-4407-8EB3-D76AE450941F}.Release|Any CPU.Build.0 = Release|Any CPU
		{55718779-76EB-4407-8EB3-D76AE450941F}.Release|x64.ActiveCfg = Release|Any CPU
		{55718779-76EB-4407-8EB3-D76AE450941F}.Release|x64.Build.0 = Release|Any CPU
		{55718779-76EB-4407-8EB3-D76AE450941F}.Release|x86.ActiveCfg = Release|Any CPU
		{55718779-76EB-4407-8EB3-D76AE450941F}.Release|x86.Build.0 = Release|Any CPU
		{E97E4AAA-ADE4-427A-B0CA-9E92E12D921C}.Debug|Any CPU.ActiveCfg = Debug|Any CPU
		{E97E4AAA-ADE4-427A-B0CA-9E92E12D921C}.Debug|x64.ActiveCfg = Debug|Any CPU
		{E97E4AAA-ADE4-427A-B0CA-9E92E12D921C}.Debug|x64.Build.0 = Debug|Any CPU
		{E97E4AAA-ADE4-427A-B0CA-9E92E12D921C}.Debug|x86.ActiveCfg = Debug|Any CPU
		{E97E4AAA-ADE4-427A-B0CA-9E92E12D921C}.Debug|x86.Build.0 = Debug|Any CPU
		{E97E4AAA-ADE4-427A-B0CA-9E92E12D921C}.Release|Any CPU.ActiveCfg = Release|Any CPU
		{E97E4AAA-ADE4-427A-B0CA-9E92E12D921C}.Release|Any CPU.Build.0 = Release|Any CPU
		{E97E4AAA-ADE4-427A-B0CA-9E92E12D921C}.Release|x64.ActiveCfg = Release|Any CPU
		{E97E4AAA-ADE4-427A-B0CA-9E92E12D921C}.Release|x64.Build.0 = Release|Any CPU
		{E97E4AAA-ADE4-427A-B0CA-9E92E12D921C}.Release|x86.ActiveCfg = Release|Any CPU
		{E97E4AAA-ADE4-427A-B0CA-9E92E12D921C}.Release|x86.Build.0 = Release|Any CPU
		{81750B71-BB85-4D70-9D1D-AF30BACEF54A}.Debug|Any CPU.ActiveCfg = Debug|Any CPU
		{81750B71-BB85-4D70-9D1D-AF30BACEF54A}.Debug|Any CPU.Build.0 = Debug|Any CPU
		{81750B71-BB85-4D70-9D1D-AF30BACEF54A}.Debug|x64.ActiveCfg = Debug|Any CPU
		{81750B71-BB85-4D70-9D1D-AF30BACEF54A}.Debug|x64.Build.0 = Debug|Any CPU
		{81750B71-BB85-4D70-9D1D-AF30BACEF54A}.Debug|x86.ActiveCfg = Debug|Any CPU
		{81750B71-BB85-4D70-9D1D-AF30BACEF54A}.Debug|x86.Build.0 = Debug|Any CPU
		{81750B71-BB85-4D70-9D1D-AF30BACEF54A}.Release|Any CPU.ActiveCfg = Release|Any CPU
		{81750B71-BB85-4D70-9D1D-AF30BACEF54A}.Release|Any CPU.Build.0 = Release|Any CPU
		{81750B71-BB85-4D70-9D1D-AF30BACEF54A}.Release|x64.ActiveCfg = Release|Any CPU
		{81750B71-BB85-4D70-9D1D-AF30BACEF54A}.Release|x64.Build.0 = Release|Any CPU
		{81750B71-BB85-4D70-9D1D-AF30BACEF54A}.Release|x86.ActiveCfg = Release|Any CPU
		{81750B71-BB85-4D70-9D1D-AF30BACEF54A}.Release|x86.Build.0 = Release|Any CPU
		{07CB39EA-118E-4FC6-85B3-A9BDF30875A4}.Debug|Any CPU.ActiveCfg = Debug|Any CPU
		{07CB39EA-118E-4FC6-85B3-A9BDF30875A4}.Debug|Any CPU.Build.0 = Debug|Any CPU
		{07CB39EA-118E-4FC6-85B3-A9BDF30875A4}.Debug|x64.ActiveCfg = Debug|Any CPU
		{07CB39EA-118E-4FC6-85B3-A9BDF30875A4}.Debug|x64.Build.0 = Debug|Any CPU
		{07CB39EA-118E-4FC6-85B3-A9BDF30875A4}.Debug|x86.ActiveCfg = Debug|Any CPU
		{07CB39EA-118E-4FC6-85B3-A9BDF30875A4}.Debug|x86.Build.0 = Debug|Any CPU
		{07CB39EA-118E-4FC6-85B3-A9BDF30875A4}.Release|Any CPU.ActiveCfg = Release|Any CPU
		{07CB39EA-118E-4FC6-85B3-A9BDF30875A4}.Release|Any CPU.Build.0 = Release|Any CPU
		{07CB39EA-118E-4FC6-85B3-A9BDF30875A4}.Release|x64.ActiveCfg = Release|Any CPU
		{07CB39EA-118E-4FC6-85B3-A9BDF30875A4}.Release|x64.Build.0 = Release|Any CPU
		{07CB39EA-118E-4FC6-85B3-A9BDF30875A4}.Release|x86.ActiveCfg = Release|Any CPU
		{07CB39EA-118E-4FC6-85B3-A9BDF30875A4}.Release|x86.Build.0 = Release|Any CPU
	EndGlobalSection
	GlobalSection(SolutionProperties) = preSolution
		HideSolutionNode = FALSE
	EndGlobalSection
	GlobalSection(NestedProjects) = preSolution
		{CD58A5CB-9498-4580-83D6-687A7EEFA405} = {2BAEC972-069C-4D9C-8E0F-C7958B786863}
		{0567C32C-A99B-4868-A250-499AC160606E} = {CD58A5CB-9498-4580-83D6-687A7EEFA405}
		{C16E0903-94E1-4B1B-A436-185AA7FDD8B6} = {CD58A5CB-9498-4580-83D6-687A7EEFA405}
		{0DEE4FCA-9C90-4807-945B-64C34FE7AC6E} = {2BAEC972-069C-4D9C-8E0F-C7958B786863}
		{55718779-76EB-4407-8EB3-D76AE450941F} = {0DEE4FCA-9C90-4807-945B-64C34FE7AC6E}
		{60AA0D09-3A51-46DC-A501-950900D94417} = {2BAEC972-069C-4D9C-8E0F-C7958B786863}
		{E97E4AAA-ADE4-427A-B0CA-9E92E12D921C} = {60AA0D09-3A51-46DC-A501-950900D94417}
		{76232C0A-612A-4F73-BAC2-8EA8F63ADC23} = {2BAEC972-069C-4D9C-8E0F-C7958B786863}
		{81750B71-BB85-4D70-9D1D-AF30BACEF54A} = {76232C0A-612A-4F73-BAC2-8EA8F63ADC23}
		{373F0069-EAD5-4E7F-9CA8-9F8D2C83505C} = {2BAEC972-069C-4D9C-8E0F-C7958B786863}
		{07CB39EA-118E-4FC6-85B3-A9BDF30875A4} = {22267161-941E-4F3B-8A1C-57B4439E7D8D}
	EndGlobalSection
	GlobalSection(ExtensibilityGlobals) = postSolution
		SolutionGuid = {F45721CF-1E4E-403D-A72F-4D11A25E24AD}
	EndGlobalSection
EndGlobal
